// !$*UTF8*$!
{
	archiveVersion = 1;
	classes = {
	};
	objectVersion = 46;
	objects = {

/* Begin PBXBuildFile section */
		6E7D71ED1D61C5A200FD56B9 /* main.m in Sources */ = {isa = PBXBuildFile; fileRef = 6E7D71EC1D61C5A200FD56B9 /* main.m */; };
		6E7D71F01D61C5A200FD56B9 /* AppDelegate.m in Sources */ = {isa = PBXBuildFile; fileRef = 6E7D71EF1D61C5A200FD56B9 /* AppDelegate.m */; };
		6E7D71F31D61C5A200FD56B9 /* ViewController.m in Sources */ = {isa = PBXBuildFile; fileRef = 6E7D71F21D61C5A200FD56B9 /* ViewController.m */; };
		6E7D71F61D61C5A200FD56B9 /* Main.storyboard in Resources */ = {isa = PBXBuildFile; fileRef = 6E7D71F41D61C5A200FD56B9 /* Main.storyboard */; };
		6E7D71F81D61C5A200FD56B9 /* Assets.xcassets in Resources */ = {isa = PBXBuildFile; fileRef = 6E7D71F71D61C5A200FD56B9 /* Assets.xcassets */; };
		6E7D71FB1D61C5A200FD56B9 /* LaunchScreen.storyboard in Resources */ = {isa = PBXBuildFile; fileRef = 6E7D71F91D61C5A200FD56B9 /* LaunchScreen.storyboard */; };
		6E7D72061D61C5A200FD56B9 /* label_______Tests.m in Sources */ = {isa = PBXBuildFile; fileRef = 6E7D72051D61C5A200FD56B9 /* label_______Tests.m */; };
		6E7D72111D61C5A200FD56B9 /* label_______UITests.m in Sources */ = {isa = PBXBuildFile; fileRef = 6E7D72101D61C5A200FD56B9 /* label_______UITests.m */; };
/* End PBXBuildFile section */

/* Begin PBXContainerItemProxy section */
		6E7D72021D61C5A200FD56B9 /* PBXContainerItemProxy */ = {
			isa = PBXContainerItemProxy;
			containerPortal = 6E7D71E01D61C5A200FD56B9 /* Project object */;
			proxyType = 1;
			remoteGlobalIDString = 6E7D71E71D61C5A200FD56B9;
			remoteInfo = "label做汉字拼音排版";
		};
		6E7D720D1D61C5A200FD56B9 /* PBXContainerItemProxy */ = {
			isa = PBXContainerItemProxy;
			containerPortal = 6E7D71E01D61C5A200FD56B9 /* Project object */;
			proxyType = 1;
			remoteGlobalIDString = 6E7D71E71D61C5A200FD56B9;
			remoteInfo = "label做汉字拼音排版";
		};
/* End PBXContainerItemProxy section */

/* Begin PBXFileReference section */
		6E7D71E81D61C5A200FD56B9 /* label做汉字拼音排版.app */ = {isa = PBXFileReference; explicitFileType = wrapper.application; includeInIndex = 0; path = "label做汉字拼音排版.app"; sourceTree = BUILT_PRODUCTS_DIR; };
		6E7D71EC1D61C5A200FD56B9 /* main.m */ = {isa = PBXFileReference; lastKnownFileType = sourcecode.c.objc; path = main.m; sourceTree = "<group>"; };
		6E7D71EE1D61C5A200FD56B9 /* AppDelegate.h */ = {isa = PBXFileReference; lastKnownFileType = sourcecode.c.h; path = AppDelegate.h; sourceTree = "<group>"; };
		6E7D71EF1D61C5A200FD56B9 /* AppDelegate.m */ = {isa = PBXFileReference; lastKnownFileType = sourcecode.c.objc; path = AppDelegate.m; sourceTree = "<group>"; };
		6E7D71F11D61C5A200FD56B9 /* ViewController.h */ = {isa = PBXFileReference; lastKnownFileType = sourcecode.c.h; path = ViewController.h; sourceTree = "<group>"; };
		6E7D71F21D61C5A200FD56B9 /* ViewController.m */ = {isa = PBXFileReference; lastKnownFileType = sourcecode.c.objc; path = ViewController.m; sourceTree = "<group>"; };
		6E7D71F51D61C5A200FD56B9 /* Base */ = {isa = PBXFileReference; lastKnownFileType = file.storyboard; name = Base; path = Base.lproj/Main.storyboard; sourceTree = "<group>"; };
		6E7D71F71D61C5A200FD56B9 /* Assets.xcassets */ = {isa = PBXFileReference; lastKnownFileType = folder.assetcatalog; path = Assets.xcassets; sourceTree = "<group>"; };
		6E7D71FA1D61C5A200FD56B9 /* Base */ = {isa = PBXFileReference; lastKnownFileType = file.storyboard; name = Base; path = Base.lproj/LaunchScreen.storyboard; sourceTree = "<group>"; };
		6E7D71FC1D61C5A200FD56B9 /* Info.plist */ = {isa = PBXFileReference; lastKnownFileType = text.plist.xml; path = Info.plist; sourceTree = "<group>"; };
		6E7D72011D61C5A200FD56B9 /* label做汉字拼音排版Tests.xctest */ = {isa = PBXFileReference; explicitFileType = wrapper.cfbundle; includeInIndex = 0; path = "label做汉字拼音排版Tests.xctest"; sourceTree = BUILT_PRODUCTS_DIR; };
		6E7D72051D61C5A200FD56B9 /* label_______Tests.m */ = {isa = PBXFileReference; lastKnownFileType = sourcecode.c.objc; path = "label_______Tests.m"; sourceTree = "<group>"; };
		6E7D72071D61C5A200FD56B9 /* Info.plist */ = {isa = PBXFileReference; lastKnownFileType = text.plist.xml; path = Info.plist; sourceTree = "<group>"; };
		6E7D720C1D61C5A200FD56B9 /* label做汉字拼音排版UITests.xctest */ = {isa = PBXFileReference; explicitFileType = wrapper.cfbundle; includeInIndex = 0; path = "label做汉字拼音排版UITests.xctest"; sourceTree = BUILT_PRODUCTS_DIR; };
		6E7D72101D61C5A200FD56B9 /* label_______UITests.m */ = {isa = PBXFileReference; lastKnownFileType = sourcecode.c.objc; path = "label_______UITests.m"; sourceTree = "<group>"; };
		6E7D72121D61C5A200FD56B9 /* Info.plist */ = {isa = PBXFileReference; lastKnownFileType = text.plist.xml; path = Info.plist; sourceTree = "<group>"; };
/* End PBXFileReference section */

/* Begin PBXFrameworksBuildPhase section */
		6E7D71E51D61C5A200FD56B9 /* Frameworks */ = {
			isa = PBXFrameworksBuildPhase;
			buildActionMask = 2147483647;
			files = (
			);
			runOnlyForDeploymentPostprocessing = 0;
		};
		6E7D71FE1D61C5A200FD56B9 /* Frameworks */ = {
			isa = PBXFrameworksBuildPhase;
			buildActionMask = 2147483647;
			files = (
			);
			runOnlyForDeploymentPostprocessing = 0;
		};
		6E7D72091D61C5A200FD56B9 /* Frameworks */ = {
			isa = PBXFrameworksBuildPhase;
			buildActionMask = 2147483647;
			files = (
			);
			runOnlyForDeploymentPostprocessing = 0;
		};
/* End PBXFrameworksBuildPhase section */

/* Begin PBXGroup section */
		6E7D71DF1D61C5A200FD56B9 = {
			isa = PBXGroup;
			children = (
				6E7D71EA1D61C5A200FD56B9 /* label做汉字拼音排版 */,
				6E7D72041D61C5A200FD56B9 /* label做汉字拼音排版Tests */,
				6E7D720F1D61C5A200FD56B9 /* label做汉字拼音排版UITests */,
				6E7D71E91D61C5A200FD56B9 /* Products */,
			);
			sourceTree = "<group>";
		};
		6E7D71E91D61C5A200FD56B9 /* Products */ = {
			isa = PBXGroup;
			children = (
				6E7D71E81D61C5A200FD56B9 /* label做汉字拼音排版.app */,
				6E7D72011D61C5A200FD56B9 /* label做汉字拼音排版Tests.xctest */,
				6E7D720C1D61C5A200FD56B9 /* label做汉字拼音排版UITests.xctest */,
			);
			name = Products;
			sourceTree = "<group>";
		};
		6E7D71EA1D61C5A200FD56B9 /* label做汉字拼音排版 */ = {
			isa = PBXGroup;
			children = (
				6E7D71EE1D61C5A200FD56B9 /* AppDelegate.h */,
				6E7D71EF1D61C5A200FD56B9 /* AppDelegate.m */,
				6E7D71F11D61C5A200FD56B9 /* ViewController.h */,
				6E7D71F21D61C5A200FD56B9 /* ViewController.m */,
				6E7D71F41D61C5A200FD56B9 /* Main.storyboard */,
				6E7D71F71D61C5A200FD56B9 /* Assets.xcassets */,
				6E7D71F91D61C5A200FD56B9 /* LaunchScreen.storyboard */,
				6E7D71FC1D61C5A200FD56B9 /* Info.plist */,
				6E7D71EB1D61C5A200FD56B9 /* Supporting Files */,
			);
			path = "label做汉字拼音排版";
			sourceTree = "<group>";
		};
		6E7D71EB1D61C5A200FD56B9 /* Supporting Files */ = {
			isa = PBXGroup;
			children = (
				6E7D71EC1D61C5A200FD56B9 /* main.m */,
			);
			name = "Supporting Files";
			sourceTree = "<group>";
		};
		6E7D72041D61C5A200FD56B9 /* label做汉字拼音排版Tests */ = {
			isa = PBXGroup;
			children = (
				6E7D72051D61C5A200FD56B9 /* label_______Tests.m */,
				6E7D72071D61C5A200FD56B9 /* Info.plist */,
			);
			path = "label做汉字拼音排版Tests";
			sourceTree = "<group>";
		};
		6E7D720F1D61C5A200FD56B9 /* label做汉字拼音排版UITests */ = {
			isa = PBXGroup;
			children = (
				6E7D72101D61C5A200FD56B9 /* label_______UITests.m */,
				6E7D72121D61C5A200FD56B9 /* Info.plist */,
			);
			path = "label做汉字拼音排版UITests";
			sourceTree = "<group>";
		};
/* End PBXGroup section */

/* Begin PBXNativeTarget section */
		6E7D71E71D61C5A200FD56B9 /* label做汉字拼音排版 */ = {
			isa = PBXNativeTarget;
			buildConfigurationList = 6E7D72151D61C5A200FD56B9 /* Build configuration list for PBXNativeTarget "label做汉字拼音排版" */;
			buildPhases = (
				6E7D71E41D61C5A200FD56B9 /* Sources */,
				6E7D71E51D61C5A200FD56B9 /* Frameworks */,
				6E7D71E61D61C5A200FD56B9 /* Resources */,
			);
			buildRules = (
			);
			dependencies = (
			);
			name = "label做汉字拼音排版";
			productName = "label做汉字拼音排版";
			productReference = 6E7D71E81D61C5A200FD56B9 /* label做汉字拼音排版.app */;
			productType = "com.apple.product-type.application";
		};
		6E7D72001D61C5A200FD56B9 /* label做汉字拼音排版Tests */ = {
			isa = PBXNativeTarget;
			buildConfigurationList = 6E7D72181D61C5A200FD56B9 /* Build configuration list for PBXNativeTarget "label做汉字拼音排版Tests" */;
			buildPhases = (
				6E7D71FD1D61C5A200FD56B9 /* Sources */,
				6E7D71FE1D61C5A200FD56B9 /* Frameworks */,
				6E7D71FF1D61C5A200FD56B9 /* Resources */,
			);
			buildRules = (
			);
			dependencies = (
				6E7D72031D61C5A200FD56B9 /* PBXTargetDependency */,
			);
			name = "label做汉字拼音排版Tests";
			productName = "label做汉字拼音排版Tests";
			productReference = 6E7D72011D61C5A200FD56B9 /* label做汉字拼音排版Tests.xctest */;
			productType = "com.apple.product-type.bundle.unit-test";
		};
		6E7D720B1D61C5A200FD56B9 /* label做汉字拼音排版UITests */ = {
			isa = PBXNativeTarget;
			buildConfigurationList = 6E7D721B1D61C5A200FD56B9 /* Build configuration list for PBXNativeTarget "label做汉字拼音排版UITests" */;
			buildPhases = (
				6E7D72081D61C5A200FD56B9 /* Sources */,
				6E7D72091D61C5A200FD56B9 /* Frameworks */,
				6E7D720A1D61C5A200FD56B9 /* Resources */,
			);
			buildRules = (
			);
			dependencies = (
				6E7D720E1D61C5A200FD56B9 /* PBXTargetDependency */,
			);
			name = "label做汉字拼音排版UITests";
			productName = "label做汉字拼音排版UITests";
			productReference = 6E7D720C1D61C5A200FD56B9 /* label做汉字拼音排版UITests.xctest */;
			productType = "com.apple.product-type.bundle.ui-testing";
		};
/* End PBXNativeTarget section */

/* Begin PBXProject section */
		6E7D71E01D61C5A200FD56B9 /* Project object */ = {
			isa = PBXProject;
			attributes = {
				LastUpgradeCheck = 0720;
				ORGANIZATIONNAME = SH;
				TargetAttributes = {
					6E7D71E71D61C5A200FD56B9 = {
						CreatedOnToolsVersion = 7.2;
						DevelopmentTeam = 5YTJX6393V;
					};
					6E7D72001D61C5A200FD56B9 = {
						CreatedOnToolsVersion = 7.2;
						DevelopmentTeam = 5YTJX6393V;
						TestTargetID = 6E7D71E71D61C5A200FD56B9;
					};
					6E7D720B1D61C5A200FD56B9 = {
						CreatedOnToolsVersion = 7.2;
						DevelopmentTeam = 5YTJX6393V;
						TestTargetID = 6E7D71E71D61C5A200FD56B9;
					};
				};
			};
			buildConfigurationList = 6E7D71E31D61C5A200FD56B9 /* Build configuration list for PBXProject "label做汉字拼音排版" */;
			compatibilityVersion = "Xcode 3.2";
			developmentRegion = English;
			hasScannedForEncodings = 0;
			knownRegions = (
				en,
				Base,
			);
			mainGroup = 6E7D71DF1D61C5A200FD56B9;
			productRefGroup = 6E7D71E91D61C5A200FD56B9 /* Products */;
			projectDirPath = "";
			projectRoot = "";
			targets = (
				6E7D71E71D61C5A200FD56B9 /* label做汉字拼音排版 */,
				6E7D72001D61C5A200FD56B9 /* label做汉字拼音排版Tests */,
				6E7D720B1D61C5A200FD56B9 /* label做汉字拼音排版UITests */,
			);
		};
/* End PBXProject section */

/* Begin PBXResourcesBuildPhase section */
		6E7D71E61D61C5A200FD56B9 /* Resources */ = {
			isa = PBXResourcesBuildPhase;
			buildActionMask = 2147483647;
			files = (
				6E7D71FB1D61C5A200FD56B9 /* LaunchScreen.storyboard in Resources */,
				6E7D71F81D61C5A200FD56B9 /* Assets.xcassets in Resources */,
				6E7D71F61D61C5A200FD56B9 /* Main.storyboard in Resources */,
			);
			runOnlyForDeploymentPostprocessing = 0;
		};
		6E7D71FF1D61C5A200FD56B9 /* Resources */ = {
			isa = PBXResourcesBuildPhase;
			buildActionMask = 2147483647;
			files = (
			);
			runOnlyForDeploymentPostprocessing = 0;
		};
		6E7D720A1D61C5A200FD56B9 /* Resources */ = {
			isa = PBXResourcesBuildPhase;
			buildActionMask = 2147483647;
			files = (
			);
			runOnlyForDeploymentPostprocessing = 0;
		};
/* End PBXResourcesBuildPhase section */

/* Begin PBXSourcesBuildPhase section */
		6E7D71E41D61C5A200FD56B9 /* Sources */ = {
			isa = PBXSourcesBuildPhase;
			buildActionMask = 2147483647;
			files = (
				6E7D71F31D61C5A200FD56B9 /* ViewController.m in Sources */,
				6E7D71F01D61C5A200FD56B9 /* AppDelegate.m in Sources */,
				6E7D71ED1D61C5A200FD56B9 /* main.m in Sources */,
			);
			runOnlyForDeploymentPostprocessing = 0;
		};
		6E7D71FD1D61C5A200FD56B9 /* Sources */ = {
			isa = PBXSourcesBuildPhase;
			buildActionMask = 2147483647;
			files = (
				6E7D72061D61C5A200FD56B9 /* label_______Tests.m in Sources */,
			);
			runOnlyForDeploymentPostprocessing = 0;
		};
		6E7D72081D61C5A200FD56B9 /* Sources */ = {
			isa = PBXSourcesBuildPhase;
			buildActionMask = 2147483647;
			files = (
				6E7D72111D61C5A200FD56B9 /* label_______UITests.m in Sources */,
			);
			runOnlyForDeploymentPostprocessing = 0;
		};
/* End PBXSourcesBuildPhase section */

/* Begin PBXTargetDependency section */
		6E7D72031D61C5A200FD56B9 /* PBXTargetDependency */ = {
			isa = PBXTargetDependency;
			target = 6E7D71E71D61C5A200FD56B9 /* label做汉字拼音排版 */;
			targetProxy = 6E7D72021D61C5A200FD56B9 /* PBXContainerItemProxy */;
		};
		6E7D720E1D61C5A200FD56B9 /* PBXTargetDependency */ = {
			isa = PBXTargetDependency;
			target = 6E7D71E71D61C5A200FD56B9 /* label做汉字拼音排版 */;
			targetProxy = 6E7D720D1D61C5A200FD56B9 /* PBXContainerItemProxy */;
		};
/* End PBXTargetDependency section */

/* Begin PBXVariantGroup section */
		6E7D71F41D61C5A200FD56B9 /* Main.storyboard */ = {
			isa = PBXVariantGroup;
			children = (
				6E7D71F51D61C5A200FD56B9 /* Base */,
			);
			name = Main.storyboard;
			sourceTree = "<group>";
		};
		6E7D71F91D61C5A200FD56B9 /* LaunchScreen.storyboard */ = {
			isa = PBXVariantGroup;
			children = (
				6E7D71FA1D61C5A200FD56B9 /* Base */,
			);
			name = LaunchScreen.storyboard;
			sourceTree = "<group>";
		};
/* End PBXVariantGroup section */

/* Begin XCBuildConfiguration section */
		6E7D72131D61C5A200FD56B9 /* Debug */ = {
			isa = XCBuildConfiguration;
			buildSettings = {
				ALWAYS_SEARCH_USER_PATHS = NO;
				CLANG_CXX_LANGUAGE_STANDARD = "gnu++0x";
				CLANG_CXX_LIBRARY = "libc++";
				CLANG_ENABLE_MODULES = YES;
				CLANG_ENABLE_OBJC_ARC = YES;
				CLANG_WARN_BOOL_CONVERSION = YES;
				CLANG_WARN_CONSTANT_CONVERSION = YES;
				CLANG_WARN_DIRECT_OBJC_ISA_USAGE = YES_ERROR;
				CLANG_WARN_EMPTY_BODY = YES;
				CLANG_WARN_ENUM_CONVERSION = YES;
				CLANG_WARN_INT_CONVERSION = YES;
				CLANG_WARN_OBJC_ROOT_CLASS = YES_ERROR;
				CLANG_WARN_UNREACHABLE_CODE = YES;
				CLANG_WARN__DUPLICATE_METHOD_MATCH = YES;
				"CODE_SIGN_IDENTITY[sdk=iphoneos*]" = "iPhone Developer";
				COPY_PHASE_STRIP = NO;
				DEBUG_INFORMATION_FORMAT = dwarf;
				ENABLE_STRICT_OBJC_MSGSEND = YES;
				ENABLE_TESTABILITY = YES;
				GCC_C_LANGUAGE_STANDARD = gnu99;
				GCC_DYNAMIC_NO_PIC = NO;
				GCC_NO_COMMON_BLOCKS = YES;
				GCC_OPTIMIZATION_LEVEL = 0;
				GCC_PREPROCESSOR_DEFINITIONS = (
					"DEBUG=1",
					"$(inherited)",
				);
				GCC_WARN_64_TO_32_BIT_CONVERSION = YES;
				GCC_WARN_ABOUT_RETURN_TYPE = YES_ERROR;
				GCC_WARN_UNDECLARED_SELECTOR = YES;
				GCC_WARN_UNINITIALIZED_AUTOS = YES_AGGRESSIVE;
				GCC_WARN_UNUSED_FUNCTION = YES;
				GCC_WARN_UNUSED_VARIABLE = YES;
				IPHONEOS_DEPLOYMENT_TARGET = 9.2;
				MTL_ENABLE_DEBUG_INFO = YES;
				ONLY_ACTIVE_ARCH = YES;
				SDKROOT = iphoneos;
				TARGETED_DEVICE_FAMILY = "1,2";
			};
			name = Debug;
		};
		6E7D72141D61C5A200FD56B9 /* Release */ = {
			isa = XCBuildConfiguration;
			buildSettings = {
				ALWAYS_SEARCH_USER_PATHS = NO;
				CLANG_CXX_LANGUAGE_STANDARD = "gnu++0x";
				CLANG_CXX_LIBRARY = "libc++";
				CLANG_ENABLE_MODULES = YES;
				CLANG_ENABLE_OBJC_ARC = YES;
				CLANG_WARN_BOOL_CONVERSION = YES;
				CLANG_WARN_CONSTANT_CONVERSION = YES;
				CLANG_WARN_DIRECT_OBJC_ISA_USAGE = YES_ERROR;
				CLANG_WARN_EMPTY_BODY = YES;
				CLANG_WARN_ENUM_CONVERSION = YES;
				CLANG_WARN_INT_CONVERSION = YES;
				CLANG_WARN_OBJC_ROOT_CLASS = YES_ERROR;
				CLANG_WARN_UNREACHABLE_CODE = YES;
				CLANG_WARN__DUPLICATE_METHOD_MATCH = YES;
				"CODE_SIGN_IDENTITY[sdk=iphoneos*]" = "iPhone Developer";
				COPY_PHASE_STRIP = NO;
				DEBUG_INFORMATION_FORMAT = "dwarf-with-dsym";
				ENABLE_NS_ASSERTIONS = NO;
				ENABLE_STRICT_OBJC_MSGSEND = YES;
				GCC_C_LANGUAGE_STANDARD = gnu99;
				GCC_NO_COMMON_BLOCKS = YES;
				GCC_WARN_64_TO_32_BIT_CONVERSION = YES;
				GCC_WARN_ABOUT_RETURN_TYPE = YES_ERROR;
				GCC_WARN_UNDECLARED_SELECTOR = YES;
				GCC_WARN_UNINITIALIZED_AUTOS = YES_AGGRESSIVE;
				GCC_WARN_UNUSED_FUNCTION = YES;
				GCC_WARN_UNUSED_VARIABLE = YES;
				IPHONEOS_DEPLOYMENT_TARGET = 9.2;
				MTL_ENABLE_DEBUG_INFO = NO;
				SDKROOT = iphoneos;
				TARGETED_DEVICE_FAMILY = "1,2";
				VALIDATE_PRODUCT = YES;
			};
			name = Release;
		};
		6E7D72161D61C5A200FD56B9 /* Debug */ = {
			isa = XCBuildConfiguration;
			buildSettings = {
				ASSETCATALOG_COMPILER_APPICON_NAME = AppIcon;
				INFOPLIST_FILE = "label做汉字拼音排版/Info.plist";
				LD_RUNPATH_SEARCH_PATHS = "$(inherited) @executable_path/Frameworks";
				PRODUCT_BUNDLE_IDENTIFIER = "com.shuhai.label-------";
				PRODUCT_NAME = "$(TARGET_NAME)";
			};
			name = Debug;
		};
		6E7D72171D61C5A200FD56B9 /* Release */ = {
			isa = XCBuildConfiguration;
			buildSettings = {
				ASSETCATALOG_COMPILER_APPICON_NAME = AppIcon;
				INFOPLIST_FILE = "label做汉字拼音排版/Info.plist";
				LD_RUNPATH_SEARCH_PATHS = "$(inherited) @executable_path/Frameworks";
				PRODUCT_BUNDLE_IDENTIFIER = "com.shuhai.label-------";
				PRODUCT_NAME = "$(TARGET_NAME)";
			};
			name = Release;
		};
		6E7D72191D61C5A200FD56B9 /* Debug */ = {
			isa = XCBuildConfiguration;
			buildSettings = {
				BUNDLE_LOADER = "$(TEST_HOST)";
				INFOPLIST_FILE = "label做汉字拼音排版Tests/Info.plist";
				LD_RUNPATH_SEARCH_PATHS = "$(inherited) @executable_path/Frameworks @loader_path/Frameworks";
				PRODUCT_BUNDLE_IDENTIFIER = "com.shuhai.label-------Tests";
				PRODUCT_NAME = "$(TARGET_NAME)";
				TEST_HOST = "$(BUILT_PRODUCTS_DIR)/label做汉字拼音排版.app/label做汉字拼音排版";
			};
			name = Debug;
		};
		6E7D721A1D61C5A200FD56B9 /* Release */ = {
			isa = XCBuildConfiguration;
			buildSettings = {
				BUNDLE_LOADER = "$(TEST_HOST)";
				INFOPLIST_FILE = "label做汉字拼音排版Tests/Info.plist";
				LD_RUNPATH_SEARCH_PATHS = "$(inherited) @executable_path/Frameworks @loader_path/Frameworks";
				PRODUCT_BUNDLE_IDENTIFIER = "com.shuhai.label-------Tests";
				PRODUCT_NAME = "$(TARGET_NAME)";
				TEST_HOST = "$(BUILT_PRODUCTS_DIR)/label做汉字拼音排版.app/label做汉字拼音排版";
			};
			name = Release;
		};
		6E7D721C1D61C5A200FD56B9 /* Debug */ = {
			isa = XCBuildConfiguration;
			buildSettings = {
				INFOPLIST_FILE = "label做汉字拼音排版UITests/Info.plist";
				LD_RUNPATH_SEARCH_PATHS = "$(inherited) @executable_path/Frameworks @loader_path/Frameworks";
				PRODUCT_BUNDLE_IDENTIFIER = "com.shuhai.label-------UITests";
				PRODUCT_NAME = "$(TARGET_NAME)";
				TEST_TARGET_NAME = "label做汉字拼音排版";
				USES_XCTRUNNER = YES;
			};
			name = Debug;
		};
		6E7D721D1D61C5A200FD56B9 /* Release */ = {
			isa = XCBuildConfiguration;
			buildSettings = {
				INFOPLIST_FILE = "label做汉字拼音排版UITests/Info.plist";
				LD_RUNPATH_SEARCH_PATHS = "$(inherited) @executable_path/Frameworks @loader_path/Frameworks";
				PRODUCT_BUNDLE_IDENTIFIER = "com.shuhai.label-------UITests";
				PRODUCT_NAME = "$(TARGET_NAME)";
				TEST_TARGET_NAME = "label做汉字拼音排版";
				USES_XCTRUNNER = YES;
			};
			name = Release;
		};
/* End XCBuildConfiguration section */

/* Begin XCConfigurationList section */
		6E7D71E31D61C5A200FD56B9 /* Build configuration list for PBXProject "label做汉字拼音排版" */ = {
			isa = XCConfigurationList;
			buildConfigurations = (
				6E7D72131D61C5A200FD56B9 /* Debug */,
				6E7D72141D61C5A200FD56B9 /* Release */,
			);
			defaultConfigurationIsVisible = 0;
			defaultConfigurationName = Release;
		};
		6E7D72151D61C5A200FD56B9 /* Build configuration list for PBXNativeTarget "label做汉字拼音排版" */ = {
			isa = XCConfigurationList;
			buildConfigurations = (
				6E7D72161D61C5A200FD56B9 /* Debug */,
				6E7D72171D61C5A200FD56B9 /* Release */,
			);
			defaultConfigurationIsVisible = 0;
		};
		6E7D72181D61C5A200FD56B9 /* Build configuration list for PBXNativeTarget "label做汉字拼音排版Tests" */ = {
			isa = XCConfigurationList;
			buildConfigurations = (
				6E7D72191D61C5A200FD56B9 /* Debug */,
				6E7D721A1D61C5A200FD56B9 /* Release */,
			);
			defaultConfigurationIsVisible = 0;
		};
		6E7D721B1D61C5A200FD56B9 /* Build configuration list for PBXNativeTarget "label做汉字拼音排版UITests" */ = {
			isa = XCConfigurationList;
			buildConfigurations = (
				6E7D721C1D61C5A200FD56B9 /* Debug */,
				6E7D721D1D61C5A200FD56B9 /* Release */,
			);
			defaultConfigurationIsVisible = 0;
		};
/* End XCConfigurationList section */
	};
	rootObject = 6E7D71E01D61C5A200FD56B9 /* Project object */;
}
